
Microsoft Visual Studio Solution File, Format Version 12.00
# Visual Studio Version 17
VisualStudioVersion = 17.1.32414.318
MinimumVisualStudioVersion = 10.0.40219.1
Project("{FAE04EC0-301F-11D3-BF4B-00C04F79EFBC}") = "TrackerUI", "TrackerUI\TrackerUI.csproj", "{2941E759-8343-4125-B099-E77107D0E8AD}"
EndProject
Project("{FAE04EC0-301F-11D3-BF4B-00C04F79EFBC}") = "TrackerLibrary", "TrackerLibrary\TrackerLibrary.csproj", "{6086A340-F0D7-4E88-9182-2C962BECB281}"
EndProject
Global
	GlobalSection(SolutionConfigurationPlatforms) = preSolution
		Debug|Any CPU = Debug|Any CPU
		Release|Any CPU = Release|Any CPU
	EndGlobalSection
	GlobalSection(ProjectConfigurationPlatforms) = postSolution
		{2941E759-8343-4125-B099-E77107D0E8AD}.Debug|Any CPU.ActiveCfg = Debug|Any CPU
		{2941E759-8343-4125-B099-E77107D0E8AD}.Debug|Any CPU.Build.0 = Debug|Any CPU
		{2941E759-8343-4125-B099-E77107D0E8AD}.Release|Any CPU.ActiveCfg = Release|Any CPU
		{2941E759-8343-4125-B099-E77107D0E8AD}.Release|Any CPU.Build.0 = Release|Any CPU
		{6086A340-F0D7-4E88-9182-2C962BECB281}.Debug|Any CPU.ActiveCfg = Debug|Any CPU
		{6086A340-F0D7-4E88-9182-2C962BECB281}.Debug|Any CPU.Build.0 = Debug|Any CPU
		{6086A340-F0D7-4E88-9182-2C962BECB281}.Release|Any CPU.ActiveCfg = Release|Any CPU
		{6086A340-F0D7-4E88-9182-2C962BECB281}.Release|Any CPU.Build.0 = Release|Any CPU
	EndGlobalSection
	GlobalSection(SolutionProperties) = preSolution
		HideSolutionNode = FALSE
	EndGlobalSection
	GlobalSection(ExtensibilityGlobals) = postSolution
		SolutionGuid = {D2C9C359-A4A6-428D-8116-51DCFEE35013}
	EndGlobalSection
EndGlobal
